// !$*UTF8*$!
{
	archiveVersion = 1;
	classes = {
	};
	objectVersion = 46;
	objects = {

/* Begin PBXBuildFile section */
		281F21441DAE6DC4004C698C /* Linked_List_Test.m in Sources */ = {isa = PBXBuildFile; fileRef = 281F21431DAE6DC4004C698C /* Linked_List_Test.m */; };
		288A9FC51DABD90C008D590B /* main.m in Sources */ = {isa = PBXBuildFile; fileRef = 288A9FC41DABD90C008D590B /* main.m */; };
		288A9FCD1DABD916008D590B /* LinkedList.m in Sources */ = {isa = PBXBuildFile; fileRef = 288A9FCC1DABD916008D590B /* LinkedList.m */; };
		288A9FD01DABD91F008D590B /* LinkedListNode.m in Sources */ = {isa = PBXBuildFile; fileRef = 288A9FCF1DABD91F008D590B /* LinkedListNode.m */; };
/* End PBXBuildFile section */

/* Begin PBXCopyFilesBuildPhase section */
		288A9FBF1DABD90B008D590B /* CopyFiles */ = {
			isa = PBXCopyFilesBuildPhase;
			buildActionMask = 2147483647;
			dstPath = /usr/share/man/man1/;
			dstSubfolderSpec = 0;
			files = (
			);
			runOnlyForDeploymentPostprocessing = 1;
		};
/* End PBXCopyFilesBuildPhase section */

/* Begin PBXFileReference section */
		281F21411DAE6DC4004C698C /* Linked_List_Test.xctest */ = {isa = PBXFileReference; explicitFileType = wrapper.cfbundle; includeInIndex = 0; path = Linked_List_Test.xctest; sourceTree = BUILT_PRODUCTS_DIR; };
		281F21431DAE6DC4004C698C /* Linked_List_Test.m */ = {isa = PBXFileReference; lastKnownFileType = sourcecode.c.objc; path = Linked_List_Test.m; sourceTree = "<group>"; };
		281F21451DAE6DC4004C698C /* Info.plist */ = {isa = PBXFileReference; lastKnownFileType = text.plist.xml; path = Info.plist; sourceTree = "<group>"; };
		288A9FC11DABD90C008D590B /* Linked_List */ = {isa = PBXFileReference; explicitFileType = "compiled.mach-o.executable"; includeInIndex = 0; path = Linked_List; sourceTree = BUILT_PRODUCTS_DIR; };
		288A9FC41DABD90C008D590B /* main.m */ = {isa = PBXFileReference; lastKnownFileType = sourcecode.c.objc; path = main.m; sourceTree = "<group>"; };
		288A9FCB1DABD916008D590B /* LinkedList.h */ = {isa = PBXFileReference; fileEncoding = 4; lastKnownFileType = sourcecode.c.h; name = LinkedList.h; path = ../LinkedList.h; sourceTree = "<group>"; };
		288A9FCC1DABD916008D590B /* LinkedList.m */ = {isa = PBXFileReference; fileEncoding = 4; lastKnownFileType = sourcecode.c.objc; name = LinkedList.m; path = ../LinkedList.m; sourceTree = "<group>"; };
		288A9FCE1DABD91F008D590B /* LinkedListNode.h */ = {isa = PBXFileReference; fileEncoding = 4; lastKnownFileType = sourcecode.c.h; name = LinkedListNode.h; path = ../LinkedListNode.h; sourceTree = "<group>"; };
		288A9FCF1DABD91F008D590B /* LinkedListNode.m */ = {isa = PBXFileReference; fileEncoding = 4; lastKnownFileType = sourcecode.c.objc; name = LinkedListNode.m; path = ../LinkedListNode.m; sourceTree = "<group>"; };
/* End PBXFileReference section */

/* Begin PBXFrameworksBuildPhase section */
		281F213E1DAE6DC4004C698C /* Frameworks */ = {
			isa = PBXFrameworksBuildPhase;
			buildActionMask = 2147483647;
			files = (
			);
			runOnlyForDeploymentPostprocessing = 0;
		};
		288A9FBE1DABD90B008D590B /* Frameworks */ = {
			isa = PBXFrameworksBuildPhase;
			buildActionMask = 2147483647;
			files = (
			);
			runOnlyForDeploymentPostprocessing = 0;
		};
/* End PBXFrameworksBuildPhase section */

/* Begin PBXGroup section */
		281F21421DAE6DC4004C698C /* Linked_List_Test */ = {
			isa = PBXGroup;
			children = (
				281F21431DAE6DC4004C698C /* Linked_List_Test.m */,
				281F21451DAE6DC4004C698C /* Info.plist */,
			);
			path = Linked_List_Test;
			sourceTree = "<group>";
		};
		288A9FB81DABD90B008D590B = {
			isa = PBXGroup;
			children = (
				288A9FC31DABD90C008D590B /* Linked_List */,
				281F21421DAE6DC4004C698C /* Linked_List_Test */,
				288A9FC21DABD90C008D590B /* Products */,
			);
			sourceTree = "<group>";
		};
		288A9FC21DABD90C008D590B /* Products */ = {
			isa = PBXGroup;
			children = (
				288A9FC11DABD90C008D590B /* Linked_List */,
				281F21411DAE6DC4004C698C /* Linked_List_Test.xctest */,
			);
			name = Products;
			sourceTree = "<group>";
		};
		288A9FC31DABD90C008D590B /* Linked_List */ = {
			isa = PBXGroup;
			children = (
				288A9FCB1DABD916008D590B /* LinkedList.h */,
				288A9FCC1DABD916008D590B /* LinkedList.m */,
				288A9FCE1DABD91F008D590B /* LinkedListNode.h */,
				288A9FCF1DABD91F008D590B /* LinkedListNode.m */,
				288A9FC41DABD90C008D590B /* main.m */,
			);
			path = Linked_List;
			sourceTree = "<group>";
		};
/* End PBXGroup section */

/* Begin PBXNativeTarget section */
		281F21401DAE6DC4004C698C /* Linked_List_Test */ = {
			isa = PBXNativeTarget;
			buildConfigurationList = 281F21481DAE6DC4004C698C /* Build configuration list for PBXNativeTarget "Linked_List_Test" */;
			buildPhases = (
				281F213D1DAE6DC4004C698C /* Sources */,
				281F213E1DAE6DC4004C698C /* Frameworks */,
				281F213F1DAE6DC4004C698C /* Resources */,
			);
			buildRules = (
			);
			dependencies = (
			);
			name = Linked_List_Test;
			productName = Linked_List_Test;
			productReference = 281F21411DAE6DC4004C698C /* Linked_List_Test.xctest */;
			productType = "com.apple.product-type.bundle.unit-test";
		};
		288A9FC01DABD90B008D590B /* Linked_List */ = {
			isa = PBXNativeTarget;
			buildConfigurationList = 288A9FC81DABD90C008D590B /* Build configuration list for PBXNativeTarget "Linked_List" */;
			buildPhases = (
				288A9FBD1DABD90B008D590B /* Sources */,
				288A9FBE1DABD90B008D590B /* Frameworks */,
				288A9FBF1DABD90B008D590B /* CopyFiles */,
			);
			buildRules = (
			);
			dependencies = (
			);
			name = Linked_List;
			productName = Linked_List;
			productReference = 288A9FC11DABD90C008D590B /* Linked_List */;
			productType = "com.apple.product-type.tool";
		};
/* End PBXNativeTarget section */

/* Begin PBXProject section */
		288A9FB91DABD90B008D590B /* Project object */ = {
			isa = PBXProject;
			attributes = {
				LastUpgradeCheck = 0810;
				ORGANIZATIONNAME = "Yongyang Nie";
				TargetAttributes = {
					281F21401DAE6DC4004C698C = {
						CreatedOnToolsVersion = 8.1;
						DevelopmentTeam = 8NZ8K5GNH8;
						ProvisioningStyle = Automatic;
					};
					288A9FC01DABD90B008D590B = {
						CreatedOnToolsVersion = 8.1;
						DevelopmentTeam = 8NZ8K5GNH8;
						ProvisioningStyle = Automatic;
					};
				};
			};
			buildConfigurationList = 288A9FBC1DABD90B008D590B /* Build configuration list for PBXProject "Linked_List" */;
			compatibilityVersion = "Xcode 3.2";
			developmentRegion = English;
			hasScannedForEncodings = 0;
			knownRegions = (
				en,
			);
			mainGroup = 288A9FB81DABD90B008D590B;
			productRefGroup = 288A9FC21DABD90C008D590B /* Products */;
			projectDirPath = "";
			projectRoot = "";
			targets = (
				288A9FC01DABD90B008D590B /* Linked_List */,
				281F21401DAE6DC4004C698C /* Linked_List_Test */,
			);
		};
/* End PBXProject section */

/* Begin PBXResourcesBuildPhase section */
		281F213F1DAE6DC4004C698C /* Resources */ = {
			isa = PBXResourcesBuildPhase;
			buildActionMask = 2147483647;
			files = (
			);
			runOnlyForDeploymentPostprocessing = 0;
		};
/* End PBXResourcesBuildPhase section */

/* Begin PBXSourcesBuildPhase section */
		281F213D1DAE6DC4004C698C /* Sources */ = {
			isa = PBXSourcesBuildPhase;
			buildActionMask = 2147483647;
			files = (
				281F21441DAE6DC4004C698C /* Linked_List_Test.m in Sources */,
			);
			runOnlyForDeploymentPostprocessing = 0;
		};
		288A9FBD1DABD90B008D590B /* Sources */ = {
			isa = PBXSourcesBuildPhase;
			buildActionMask = 2147483647;
			files = (
				288A9FD01DABD91F008D590B /* LinkedListNode.m in Sources */,
				288A9FC51DABD90C008D590B /* main.m in Sources */,
				288A9FCD1DABD916008D590B /* LinkedList.m in Sources */,
			);
			runOnlyForDeploymentPostprocessing = 0;
		};
/* End PBXSourcesBuildPhase section */

/* Begin XCBuildConfiguration section */
		281F21461DAE6DC4004C698C /* Debug */ = {
			isa = XCBuildConfiguration;
			buildSettings = {
				COMBINE_HIDPI_IMAGES = YES;
				DEVELOPMENT_TEAM = 8NZ8K5GNH8;
				INFOPLIST_FILE = Linked_List_Test/Info.plist;
				LD_RUNPATH_SEARCH_PATHS = "$(inherited) @executable_path/../Frameworks @loader_path/../Frameworks";
				PRODUCT_BUNDLE_IDENTIFIER = "com.yongyang.Linked-List-Test";
				PRODUCT_NAME = "$(TARGET_NAME)";
			};
			name = Debug;
		};
		281F21471DAE6DC4004C698C /* Release */ = {
			isa = XCBuildConfiguration;
			buildSettings = {
				COMBINE_HIDPI_IMAGES = YES;
				DEVELOPMENT_TEAM = 8NZ8K5GNH8;
				INFOPLIST_FILE = Linked_List_Test/Info.plist;
				LD_RUNPATH_SEARCH_PATHS = "$(inherited) @executable_path/../Frameworks @loader_path/../Frameworks";
				PRODUCT_BUNDLE_IDENTIFIER = "com.yongyang.Linked-List-Test";
				PRODUCT_NAME = "$(TARGET_NAME)";
			};
			name = Release;
		};
		288A9FC61DABD90C008D590B /* Debug */ = {
			isa = XCBuildConfiguration;
			buildSettings = {
				ALWAYS_SEARCH_USER_PATHS = NO;
				CLANG_ANALYZER_NONNULL = YES;
				CLANG_CXX_LANGUAGE_STANDARD = "gnu++0x";
				CLANG_CXX_LIBRARY = "libc++";
				CLANG_ENABLE_MODULES = YES;
				CLANG_ENABLE_OBJC_ARC = YES;
				CLANG_WARN_BOOL_CONVERSION = YES;
				CLANG_WARN_CONSTANT_CONVERSION = YES;
				CLANG_WARN_DIRECT_OBJC_ISA_USAGE = YES_ERROR;
				CLANG_WARN_DOCUMENTATION_COMMENTS = YES;
				CLANG_WARN_EMPTY_BODY = YES;
				CLANG_WARN_ENUM_CONVERSION = YES;
				CLANG_WARN_INFINITE_RECURSION = YES;
				CLANG_WARN_INT_CONVERSION = YES;
				CLANG_WARN_OBJC_ROOT_CLASS = YES_ERROR;
				CLANG_WARN_SUSPICIOUS_MOVES = YES;
				CLANG_WARN_UNREACHABLE_CODE = YES;
				CLANG_WARN__DUPLICATE_METHOD_MATCH = YES;
				CODE_SIGN_IDENTITY = "-";
				COPY_PHASE_STRIP = NO;
				DEBUG_INFORMATION_FORMAT = dwarf;
				ENABLE_STRICT_OBJC_MSGSEND = YES;
				ENABLE_TESTABILITY = YES;
				GCC_C_LANGUAGE_STANDARD = gnu99;
				GCC_DYNAMIC_NO_PIC = NO;
				GCC_NO_COMMON_BLOCKS = YES;
				GCC_OPTIMIZATION_LEVEL = 0;
				GCC_PREPROCESSOR_DEFINITIONS = (
					"DEBUG=1",
					"$(inherited)",
				);
				GCC_WARN_64_TO_32_BIT_CONVERSION = YES;
				GCC_WARN_ABOUT_RETURN_TYPE = YES_ERROR;
				GCC_WARN_UNDECLARED_SELECTOR = YES;
				GCC_WARN_UNINITIALIZED_AUTOS = YES_AGGRESSIVE;
				GCC_WARN_UNUSED_FUNCTION = YES;
				GCC_WARN_UNUSED_VARIABLE = YES;
				MACOSX_DEPLOYMENT_TARGET = 10.12;
				MTL_ENABLE_DEBUG_INFO = YES;
				ONLY_ACTIVE_ARCH = YES;
				SDKROOT = macosx;
			};
			name = Debug;
		};
		288A9FC71DABD90C008D590B /* Release */ = {
			isa = XCBuildConfiguration;
			buildSettings = {
				ALWAYS_SEARCH_USER_PATHS = NO;
				CLANG_ANALYZER_NONNULL = YES;
				CLANG_CXX_LANGUAGE_STANDARD = "gnu++0x";
				CLANG_CXX_LIBRARY = "libc++";
				CLANG_ENABLE_MODULES = YES;
				CLANG_ENABLE_OBJC_ARC = YES;
				CLANG_WARN_BOOL_CONVERSION = YES;
				CLANG_WARN_CONSTANT_CONVERSION = YES;
				CLANG_WARN_DIRECT_OBJC_ISA_USAGE = YES_ERROR;
				CLANG_WARN_DOCUMENTATION_COMMENTS = YES;
				CLANG_WARN_EMPTY_BODY = YES;
				CLANG_WARN_ENUM_CONVERSION = YES;
				CLANG_WARN_INFINITE_RECURSION = YES;
				CLANG_WARN_INT_CONVERSION = YES;
				CLANG_WARN_OBJC_ROOT_CLASS = YES_ERROR;
				CLANG_WARN_SUSPICIOUS_MOVES = YES;
				CLANG_WARN_UNREACHABLE_CODE = YES;
				CLANG_WARN__DUPLICATE_METHOD_MATCH = YES;
				CODE_SIGN_IDENTITY = "-";
				COPY_PHASE_STRIP = NO;
				DEBUG_INFORMATION_FORMAT = "dwarf-with-dsym";
				ENABLE_NS_ASSERTIONS = NO;
				ENABLE_STRICT_OBJC_MSGSEND = YES;
				GCC_C_LANGUAGE_STANDARD = gnu99;
				GCC_NO_COMMON_BLOCKS = YES;
				GCC_WARN_64_TO_32_BIT_CONVERSION = YES;
				GCC_WARN_ABOUT_RETURN_TYPE = YES_ERROR;
				GCC_WARN_UNDECLARED_SELECTOR = YES;
				GCC_WARN_UNINITIALIZED_AUTOS = YES_AGGRESSIVE;
				GCC_WARN_UNUSED_FUNCTION = YES;
				GCC_WARN_UNUSED_VARIABLE = YES;
				MACOSX_DEPLOYMENT_TARGET = 10.12;
				MTL_ENABLE_DEBUG_INFO = NO;
				SDKROOT = macosx;
			};
			name = Release;
		};
		288A9FC91DABD90C008D590B /* Debug */ = {
			isa = XCBuildConfiguration;
			buildSettings = {
				DEVELOPMENT_TEAM = 8NZ8K5GNH8;
				PRODUCT_NAME = "$(TARGET_NAME)";
			};
			name = Debug;
		};
		288A9FCA1DABD90C008D590B /* Release */ = {
			isa = XCBuildConfiguration;
			buildSettings = {
				DEVELOPMENT_TEAM = 8NZ8K5GNH8;
				PRODUCT_NAME = "$(TARGET_NAME)";
			};
			name = Release;
		};
/* End XCBuildConfiguration section */

/* Begin XCConfigurationList section */
		281F21481DAE6DC4004C698C /* Build configuration list for PBXNativeTarget "Linked_List_Test" */ = {
			isa = XCConfigurationList;
			buildConfigurations = (
				281F21461DAE6DC4004C698C /* Debug */,
				281F21471DAE6DC4004C698C /* Release */,
			);
			defaultConfigurationIsVisible = 0;
		};
		288A9FBC1DABD90B008D590B /* Build configuration list for PBXProject "Linked_List" */ = {
			isa = XCConfigurationList;
			buildConfigurations = (
				288A9FC61DABD90C008D590B /* Debug */,
				288A9FC71DABD90C008D590B /* Release */,
			);
			defaultConfigurationIsVisible = 0;
			defaultConfigurationName = Release;
		};
		288A9FC81DABD90C008D590B /* Build configuration list for PBXNativeTarget "Linked_List" */ = {
			isa = XCConfigurationList;
			buildConfigurations = (
				288A9FC91DABD90C008D590B /* Debug */,
				288A9FCA1DABD90C008D590B /* Release */,
			);
			defaultConfigurationIsVisible = 0;
			defaultConfigurationName = Release;
		};
/* End XCConfigurationList section */
	};
	rootObject = 288A9FB91DABD90B008D590B /* Project object */;
}
