// !$*UTF8*$!
{
	archiveVersion = 1;
	classes = {
	};
	objectVersion = 46;
	objects = {

/* Begin PBXCopyFilesBuildPhase section */
		0057A56A1D960C3200377F7F /* CopyFiles */ = {
			isa = PBXCopyFilesBuildPhase;
			buildActionMask = 2147483647;
			dstPath = /usr/share/man/man1/;
			dstSubfolderSpec = 0;
			files = (
			);
			runOnlyForDeploymentPostprocessing = 1;
		};
/* End PBXCopyFilesBuildPhase section */

/* Begin PBXFileReference section */
		0057A56C1D960C3200377F7F /* Palindorme */ = {isa = PBXFileReference; explicitFileType = "compiled.mach-o.executable"; includeInIndex = 0; path = Palindorme; sourceTree = BUILT_PRODUCTS_DIR; };
		280003A31DAC49DA00B6A66C /* main.m */ = {isa = PBXFileReference; lastKnownFileType = sourcecode.c.objc; path = main.m; sourceTree = "<group>"; };
		280003A41DAC49DA00B6A66C /* Palindrome.h */ = {isa = PBXFileReference; lastKnownFileType = sourcecode.c.h; path = Palindrome.h; sourceTree = "<group>"; };
		280003A51DAC49DA00B6A66C /* Palindrome.m */ = {isa = PBXFileReference; lastKnownFileType = sourcecode.c.objc; path = Palindrome.m; sourceTree = "<group>"; };
/* End PBXFileReference section */

/* Begin PBXFrameworksBuildPhase section */
		0057A5691D960C3200377F7F /* Frameworks */ = {
			isa = PBXFrameworksBuildPhase;
			buildActionMask = 2147483647;
			files = (
			);
			runOnlyForDeploymentPostprocessing = 0;
		};
/* End PBXFrameworksBuildPhase section */

/* Begin PBXGroup section */
		0057A5631D960C3200377F7F = {
			isa = PBXGroup;
			children = (
				280003A21DAC49DA00B6A66C /* Palindorme */,
				0057A56D1D960C3200377F7F /* Products */,
			);
			sourceTree = "<group>";
		};
		0057A56D1D960C3200377F7F /* Products */ = {
			isa = PBXGroup;
			children = (
				0057A56C1D960C3200377F7F /* Palindorme */,
			);
			name = Products;
			sourceTree = "<group>";
		};
		280003A21DAC49DA00B6A66C /* Palindorme */ = {
			isa = PBXGroup;
			children = (
				280003A31DAC49DA00B6A66C /* main.m */,
				280003A41DAC49DA00B6A66C /* Palindrome.h */,
				280003A51DAC49DA00B6A66C /* Palindrome.m */,
			);
			path = Palindorme;
			sourceTree = "<group>";
		};
/* End PBXGroup section */

/* Begin PBXNativeTarget section */
		0057A56B1D960C3200377F7F /* Palindorme */ = {
			isa = PBXNativeTarget;
			buildConfigurationList = 0057A5731D960C3200377F7F /* Build configuration list for PBXNativeTarget "Palindorme" */;
			buildPhases = (
				0057A5681D960C3200377F7F /* Sources */,
				0057A5691D960C3200377F7F /* Frameworks */,
				0057A56A1D960C3200377F7F /* CopyFiles */,
			);
			buildRules = (
			);
			dependencies = (
			);
			name = Palindorme;
			productName = CS_Palindorme;
			productReference = 0057A56C1D960C3200377F7F /* Palindorme */;
			productType = "com.apple.product-type.tool";
		};
/* End PBXNativeTarget section */

/* Begin PBXProject section */
		0057A5641D960C3200377F7F /* Project object */ = {
			isa = PBXProject;
			attributes = {
				LastUpgradeCheck = 0800;
				ORGANIZATIONNAME = "Yongyang Nie";
				TargetAttributes = {
					0057A56B1D960C3200377F7F = {
						CreatedOnToolsVersion = 8.0;
						DevelopmentTeam = 8NZ8K5GNH8;
						ProvisioningStyle = Automatic;
					};
				};
			};
			buildConfigurationList = 0057A5671D960C3200377F7F /* Build configuration list for PBXProject "Palindorme" */;
			compatibilityVersion = "Xcode 3.2";
			developmentRegion = English;
			hasScannedForEncodings = 0;
			knownRegions = (
				en,
			);
			mainGroup = 0057A5631D960C3200377F7F;
			productRefGroup = 0057A56D1D960C3200377F7F /* Products */;
			projectDirPath = "";
			projectRoot = "";
			targets = (
				0057A56B1D960C3200377F7F /* Palindorme */,
			);
		};
/* End PBXProject section */

/* Begin PBXSourcesBuildPhase section */
		0057A5681D960C3200377F7F /* Sources */ = {
			isa = PBXSourcesBuildPhase;
			buildActionMask = 2147483647;
			files = (
			);
			runOnlyForDeploymentPostprocessing = 0;
		};
/* End PBXSourcesBuildPhase section */

/* Begin XCBuildConfiguration section */
		0057A5711D960C3200377F7F /* Debug */ = {
			isa = XCBuildConfiguration;
			buildSettings = {
				ALWAYS_SEARCH_USER_PATHS = NO;
				CLANG_ANALYZER_NONNULL = YES;
				CLANG_CXX_LANGUAGE_STANDARD = "gnu++0x";
				CLANG_CXX_LIBRARY = "libc++";
				CLANG_ENABLE_MODULES = YES;
				CLANG_ENABLE_OBJC_ARC = YES;
				CLANG_WARN_BOOL_CONVERSION = YES;
				CLANG_WARN_CONSTANT_CONVERSION = YES;
				CLANG_WARN_DIRECT_OBJC_ISA_USAGE = YES_ERROR;
				CLANG_WARN_DOCUMENTATION_COMMENTS = YES;
				CLANG_WARN_EMPTY_BODY = YES;
				CLANG_WARN_ENUM_CONVERSION = YES;
				CLANG_WARN_INFINITE_RECURSION = YES;
				CLANG_WARN_INT_CONVERSION = YES;
				CLANG_WARN_OBJC_ROOT_CLASS = YES_ERROR;
				CLANG_WARN_SUSPICIOUS_MOVES = YES;
				CLANG_WARN_UNREACHABLE_CODE = YES;
				CLANG_WARN__DUPLICATE_METHOD_MATCH = YES;
				CODE_SIGN_IDENTITY = "-";
				COPY_PHASE_STRIP = NO;
				DEBUG_INFORMATION_FORMAT = dwarf;
				ENABLE_STRICT_OBJC_MSGSEND = YES;
				ENABLE_TESTABILITY = YES;
				GCC_C_LANGUAGE_STANDARD = gnu99;
				GCC_DYNAMIC_NO_PIC = NO;
				GCC_NO_COMMON_BLOCKS = YES;
				GCC_OPTIMIZATION_LEVEL = 0;
				GCC_PREPROCESSOR_DEFINITIONS = (
					"DEBUG=1",
					"$(inherited)",
				);
				GCC_WARN_64_TO_32_BIT_CONVERSION = YES;
				GCC_WARN_ABOUT_RETURN_TYPE = YES_ERROR;
				GCC_WARN_UNDECLARED_SELECTOR = YES;
				GCC_WARN_UNINITIALIZED_AUTOS = YES_AGGRESSIVE;
				GCC_WARN_UNUSED_FUNCTION = YES;
				GCC_WARN_UNUSED_VARIABLE = YES;
				MACOSX_DEPLOYMENT_TARGET = 10.12;
				MTL_ENABLE_DEBUG_INFO = YES;
				ONLY_ACTIVE_ARCH = YES;
				SDKROOT = macosx;
			};
			name = Debug;
		};
		0057A5721D960C3200377F7F /* Release */ = {
			isa = XCBuildConfiguration;
			buildSettings = {
				ALWAYS_SEARCH_USER_PATHS = NO;
				CLANG_ANALYZER_NONNULL = YES;
				CLANG_CXX_LANGUAGE_STANDARD = "gnu++0x";
				CLANG_CXX_LIBRARY = "libc++";
				CLANG_ENABLE_MODULES = YES;
				CLANG_ENABLE_OBJC_ARC = YES;
				CLANG_WARN_BOOL_CONVERSION = YES;
				CLANG_WARN_CONSTANT_CONVERSION = YES;
				CLANG_WARN_DIRECT_OBJC_ISA_USAGE = YES_ERROR;
				CLANG_WARN_DOCUMENTATION_COMMENTS = YES;
				CLANG_WARN_EMPTY_BODY = YES;
				CLANG_WARN_ENUM_CONVERSION = YES;
				CLANG_WARN_INFINITE_RECURSION = YES;
				CLANG_WARN_INT_CONVERSION = YES;
				CLANG_WARN_OBJC_ROOT_CLASS = YES_ERROR;
				CLANG_WARN_SUSPICIOUS_MOVES = YES;
				CLANG_WARN_UNREACHABLE_CODE = YES;
				CLANG_WARN__DUPLICATE_METHOD_MATCH = YES;
				CODE_SIGN_IDENTITY = "-";
				COPY_PHASE_STRIP = NO;
				DEBUG_INFORMATION_FORMAT = "dwarf-with-dsym";
				ENABLE_NS_ASSERTIONS = NO;
				ENABLE_STRICT_OBJC_MSGSEND = YES;
				GCC_C_LANGUAGE_STANDARD = gnu99;
				GCC_NO_COMMON_BLOCKS = YES;
				GCC_WARN_64_TO_32_BIT_CONVERSION = YES;
				GCC_WARN_ABOUT_RETURN_TYPE = YES_ERROR;
				GCC_WARN_UNDECLARED_SELECTOR = YES;
				GCC_WARN_UNINITIALIZED_AUTOS = YES_AGGRESSIVE;
				GCC_WARN_UNUSED_FUNCTION = YES;
				GCC_WARN_UNUSED_VARIABLE = YES;
				MACOSX_DEPLOYMENT_TARGET = 10.12;
				MTL_ENABLE_DEBUG_INFO = NO;
				SDKROOT = macosx;
			};
			name = Release;
		};
		0057A5741D960C3200377F7F /* Debug */ = {
			isa = XCBuildConfiguration;
			buildSettings = {
				DEVELOPMENT_TEAM = 8NZ8K5GNH8;
				PRODUCT_NAME = "$(TARGET_NAME)";
			};
			name = Debug;
		};
		0057A5751D960C3200377F7F /* Release */ = {
			isa = XCBuildConfiguration;
			buildSettings = {
				DEVELOPMENT_TEAM = 8NZ8K5GNH8;
				PRODUCT_NAME = "$(TARGET_NAME)";
			};
			name = Release;
		};
/* End XCBuildConfiguration section */

/* Begin XCConfigurationList section */
		0057A5671D960C3200377F7F /* Build configuration list for PBXProject "Palindorme" */ = {
			isa = XCConfigurationList;
			buildConfigurations = (
				0057A5711D960C3200377F7F /* Debug */,
				0057A5721D960C3200377F7F /* Release */,
			);
			defaultConfigurationIsVisible = 0;
			defaultConfigurationName = Release;
		};
		0057A5731D960C3200377F7F /* Build configuration list for PBXNativeTarget "Palindorme" */ = {
			isa = XCConfigurationList;
			buildConfigurations = (
				0057A5741D960C3200377F7F /* Debug */,
				0057A5751D960C3200377F7F /* Release */,
			);
			defaultConfigurationIsVisible = 0;
			defaultConfigurationName = Release;
		};
/* End XCConfigurationList section */
	};
	rootObject = 0057A5641D960C3200377F7F /* Project object */;
}
